// !$*UTF8*$!
{
	archiveVersion = 1;
	classes = {
	};
	objectVersion = 51;
	objects = {

/* Begin PBXBuildFile section */
		00597695AA7F28D57A55EC3B /* Pods_inHockey.framework in Frameworks */ = {isa = PBXBuildFile; fileRef = CF57270C524FBA014EC9DA9F /* Pods_inHockey.framework */; };
		0437AF072709E4DC000BB13A /* LoadingButtonImage.swift in Sources */ = {isa = PBXBuildFile; fileRef = 0437AF062709E4DC000BB13A /* LoadingButtonImage.swift */; };
		04521F9526EA78EC00FEA303 /* GoogleService-Info.plist in Resources */ = {isa = PBXBuildFile; fileRef = 04521F9426EA78EC00FEA303 /* GoogleService-Info.plist */; };
		04521FA426EBE29D00FEA303 /* FunctionalViewController.swift in Sources */ = {isa = PBXBuildFile; fileRef = 04521FA326EBE29D00FEA303 /* FunctionalViewController.swift */; };
		04521FA626EBE2F600FEA303 /* TabBarController.swift in Sources */ = {isa = PBXBuildFile; fileRef = 04521FA526EBE2F600FEA303 /* TabBarController.swift */; };
		04521FA826EBE32100FEA303 /* CommunicationViewController.swift in Sources */ = {isa = PBXBuildFile; fileRef = 04521FA726EBE32100FEA303 /* CommunicationViewController.swift */; };
		0477FF5526F9F8F10007FC3C /* LogInModel.swift in Sources */ = {isa = PBXBuildFile; fileRef = 0477FF5426F9F8F10007FC3C /* LogInModel.swift */; };
		0477FF5726F9F9180007FC3C /* SignUpModel.swift in Sources */ = {isa = PBXBuildFile; fileRef = 0477FF5626F9F9180007FC3C /* SignUpModel.swift */; };
		047EC43426FF619D00E0DE90 /* MyTableViewCell.swift in Sources */ = {isa = PBXBuildFile; fileRef = 047EC43326FF619D00E0DE90 /* MyTableViewCell.swift */; };
		047EC4762702384900E0DE90 /* DatabaseModel.swift in Sources */ = {isa = PBXBuildFile; fileRef = 047EC4752702384900E0DE90 /* DatabaseModel.swift */; };
		047EC47827023C0E00E0DE90 /* User.swift in Sources */ = {isa = PBXBuildFile; fileRef = 047EC47727023C0E00E0DE90 /* User.swift */; };
		047EC47A27024EAC00E0DE90 /* ImageLoader.swift in Sources */ = {isa = PBXBuildFile; fileRef = 047EC47927024EAC00E0DE90 /* ImageLoader.swift */; };
		047EC47C2702617200E0DE90 /* ImagePickerController.swift in Sources */ = {isa = PBXBuildFile; fileRef = 047EC47B2702617200E0DE90 /* ImagePickerController.swift */; };
		047EC4BF2703A8B400E0DE90 /* ProfilePresenter.swift in Sources */ = {isa = PBXBuildFile; fileRef = 047EC4B92703A8B400E0DE90 /* ProfilePresenter.swift */; };
		047EC4C02703A8B400E0DE90 /* ProfileRouter.swift in Sources */ = {isa = PBXBuildFile; fileRef = 047EC4BA2703A8B400E0DE90 /* ProfileRouter.swift */; };
		047EC4C12703A8B400E0DE90 /* ProfileViewController.swift in Sources */ = {isa = PBXBuildFile; fileRef = 047EC4BB2703A8B400E0DE90 /* ProfileViewController.swift */; };
		047EC4C22703A8B400E0DE90 /* ProfileProtocols.swift in Sources */ = {isa = PBXBuildFile; fileRef = 047EC4BC2703A8B400E0DE90 /* ProfileProtocols.swift */; };
		047EC4C32703A8B400E0DE90 /* ProfileInteractor.swift in Sources */ = {isa = PBXBuildFile; fileRef = 047EC4BD2703A8B400E0DE90 /* ProfileInteractor.swift */; };
		047EC4C42703A8B400E0DE90 /* ProfileContainer.swift in Sources */ = {isa = PBXBuildFile; fileRef = 047EC4BE2703A8B400E0DE90 /* ProfileContainer.swift */; };
		049738C42714CC1700A76ABA /* CreateTeamViewController.swift in Sources */ = {isa = PBXBuildFile; fileRef = 049738C32714CC1700A76ABA /* CreateTeamViewController.swift */; };
		04D4634F26CD6A0C00141338 /* AppDelegate.swift in Sources */ = {isa = PBXBuildFile; fileRef = 04D4634E26CD6A0C00141338 /* AppDelegate.swift */; };
		04D4635126CD6A0C00141338 /* SceneDelegate.swift in Sources */ = {isa = PBXBuildFile; fileRef = 04D4635026CD6A0C00141338 /* SceneDelegate.swift */; };
		04D4635326CD6A0C00141338 /* AuthViewController.swift in Sources */ = {isa = PBXBuildFile; fileRef = 04D4635226CD6A0C00141338 /* AuthViewController.swift */; };
		04D4635626CD6A0C00141338 /* Main.storyboard in Resources */ = {isa = PBXBuildFile; fileRef = 04D4635426CD6A0C00141338 /* Main.storyboard */; };
		04D4635826CD6A1000141338 /* Assets.xcassets in Resources */ = {isa = PBXBuildFile; fileRef = 04D4635726CD6A1000141338 /* Assets.xcassets */; };
		04D4635B26CD6A1000141338 /* LaunchScreen.storyboard in Resources */ = {isa = PBXBuildFile; fileRef = 04D4635926CD6A1000141338 /* LaunchScreen.storyboard */; };
		04D4636626CD6A1000141338 /* inHockeyTests.swift in Sources */ = {isa = PBXBuildFile; fileRef = 04D4636526CD6A1000141338 /* inHockeyTests.swift */; };
		04D4637126CD6A1000141338 /* inHockeyUITests.swift in Sources */ = {isa = PBXBuildFile; fileRef = 04D4637026CD6A1000141338 /* inHockeyUITests.swift */; };
		04D4638026CD6A2F00141338 /* IndieFlower-Regular.ttf in Resources */ = {isa = PBXBuildFile; fileRef = 04D4637F26CD6A2F00141338 /* IndieFlower-Regular.ttf */; };
		04F5E97026D048B2002F40DA /* LogInViewController.swift in Sources */ = {isa = PBXBuildFile; fileRef = 04F5E96F26D048B2002F40DA /* LogInViewController.swift */; };
		04F5E97226D048DA002F40DA /* SignUpViewController.swift in Sources */ = {isa = PBXBuildFile; fileRef = 04F5E97126D048DA002F40DA /* SignUpViewController.swift */; };
		57CC4475517AE15F739CF25F /* Pods_inHockeyTests.framework in Frameworks */ = {isa = PBXBuildFile; fileRef = 9119082221E5F521FC807B26 /* Pods_inHockeyTests.framework */; };
		689E0BBC3A50AF6A4F707C5A /* Pods_inHockey_inHockeyUITests.framework in Frameworks */ = {isa = PBXBuildFile; fileRef = C5E5D49DBC856CEAE50BE0A4 /* Pods_inHockey_inHockeyUITests.framework */; };
/* End PBXBuildFile section */

/* Begin PBXContainerItemProxy section */
		04D4636226CD6A1000141338 /* PBXContainerItemProxy */ = {
			isa = PBXContainerItemProxy;
			containerPortal = 04D4634326CD6A0C00141338 /* Project object */;
			proxyType = 1;
			remoteGlobalIDString = 04D4634A26CD6A0C00141338;
			remoteInfo = inHockey;
		};
		04D4636D26CD6A1000141338 /* PBXContainerItemProxy */ = {
			isa = PBXContainerItemProxy;
			containerPortal = 04D4634326CD6A0C00141338 /* Project object */;
			proxyType = 1;
			remoteGlobalIDString = 04D4634A26CD6A0C00141338;
			remoteInfo = inHockey;
		};
/* End PBXContainerItemProxy section */

/* Begin PBXFileReference section */
		0437AF062709E4DC000BB13A /* LoadingButtonImage.swift */ = {isa = PBXFileReference; lastKnownFileType = sourcecode.swift; path = LoadingButtonImage.swift; sourceTree = "<group>"; };
		04521F9426EA78EC00FEA303 /* GoogleService-Info.plist */ = {isa = PBXFileReference; fileEncoding = 4; lastKnownFileType = text.plist.xml; path = "GoogleService-Info.plist"; sourceTree = "<group>"; };
		04521FA326EBE29D00FEA303 /* FunctionalViewController.swift */ = {isa = PBXFileReference; lastKnownFileType = sourcecode.swift; path = FunctionalViewController.swift; sourceTree = "<group>"; };
		04521FA526EBE2F600FEA303 /* TabBarController.swift */ = {isa = PBXFileReference; lastKnownFileType = sourcecode.swift; path = TabBarController.swift; sourceTree = "<group>"; };
		04521FA726EBE32100FEA303 /* CommunicationViewController.swift */ = {isa = PBXFileReference; lastKnownFileType = sourcecode.swift; path = CommunicationViewController.swift; sourceTree = "<group>"; };
		0477FF5426F9F8F10007FC3C /* LogInModel.swift */ = {isa = PBXFileReference; lastKnownFileType = sourcecode.swift; path = LogInModel.swift; sourceTree = "<group>"; };
		0477FF5626F9F9180007FC3C /* SignUpModel.swift */ = {isa = PBXFileReference; lastKnownFileType = sourcecode.swift; path = SignUpModel.swift; sourceTree = "<group>"; };
		047EC43326FF619D00E0DE90 /* MyTableViewCell.swift */ = {isa = PBXFileReference; lastKnownFileType = sourcecode.swift; path = MyTableViewCell.swift; sourceTree = "<group>"; };
		047EC4752702384900E0DE90 /* DatabaseModel.swift */ = {isa = PBXFileReference; lastKnownFileType = sourcecode.swift; path = DatabaseModel.swift; sourceTree = "<group>"; };
		047EC47727023C0E00E0DE90 /* User.swift */ = {isa = PBXFileReference; lastKnownFileType = sourcecode.swift; path = User.swift; sourceTree = "<group>"; };
		047EC47927024EAC00E0DE90 /* ImageLoader.swift */ = {isa = PBXFileReference; lastKnownFileType = sourcecode.swift; path = ImageLoader.swift; sourceTree = "<group>"; };
		047EC47B2702617200E0DE90 /* ImagePickerController.swift */ = {isa = PBXFileReference; lastKnownFileType = sourcecode.swift; path = ImagePickerController.swift; sourceTree = "<group>"; };
		047EC4B92703A8B400E0DE90 /* ProfilePresenter.swift */ = {isa = PBXFileReference; lastKnownFileType = sourcecode.swift; path = ProfilePresenter.swift; sourceTree = "<group>"; };
		047EC4BA2703A8B400E0DE90 /* ProfileRouter.swift */ = {isa = PBXFileReference; lastKnownFileType = sourcecode.swift; path = ProfileRouter.swift; sourceTree = "<group>"; };
		047EC4BB2703A8B400E0DE90 /* ProfileViewController.swift */ = {isa = PBXFileReference; lastKnownFileType = sourcecode.swift; path = ProfileViewController.swift; sourceTree = "<group>"; };
		047EC4BC2703A8B400E0DE90 /* ProfileProtocols.swift */ = {isa = PBXFileReference; lastKnownFileType = sourcecode.swift; path = ProfileProtocols.swift; sourceTree = "<group>"; };
		047EC4BD2703A8B400E0DE90 /* ProfileInteractor.swift */ = {isa = PBXFileReference; lastKnownFileType = sourcecode.swift; path = ProfileInteractor.swift; sourceTree = "<group>"; };
		047EC4BE2703A8B400E0DE90 /* ProfileContainer.swift */ = {isa = PBXFileReference; lastKnownFileType = sourcecode.swift; path = ProfileContainer.swift; sourceTree = "<group>"; };
		049738C32714CC1700A76ABA /* CreateTeamViewController.swift */ = {isa = PBXFileReference; lastKnownFileType = sourcecode.swift; path = CreateTeamViewController.swift; sourceTree = "<group>"; };
		04D4634B26CD6A0C00141338 /* inHockey.app */ = {isa = PBXFileReference; explicitFileType = wrapper.application; includeInIndex = 0; path = inHockey.app; sourceTree = BUILT_PRODUCTS_DIR; };
		04D4634E26CD6A0C00141338 /* AppDelegate.swift */ = {isa = PBXFileReference; lastKnownFileType = sourcecode.swift; path = AppDelegate.swift; sourceTree = "<group>"; };
		04D4635026CD6A0C00141338 /* SceneDelegate.swift */ = {isa = PBXFileReference; lastKnownFileType = sourcecode.swift; path = SceneDelegate.swift; sourceTree = "<group>"; };
		04D4635226CD6A0C00141338 /* AuthViewController.swift */ = {isa = PBXFileReference; lastKnownFileType = sourcecode.swift; path = AuthViewController.swift; sourceTree = "<group>"; };
		04D4635526CD6A0C00141338 /* Base */ = {isa = PBXFileReference; lastKnownFileType = file.storyboard; name = Base; path = Base.lproj/Main.storyboard; sourceTree = "<group>"; };
		04D4635726CD6A1000141338 /* Assets.xcassets */ = {isa = PBXFileReference; lastKnownFileType = folder.assetcatalog; path = Assets.xcassets; sourceTree = "<group>"; };
		04D4635A26CD6A1000141338 /* Base */ = {isa = PBXFileReference; lastKnownFileType = file.storyboard; name = Base; path = Base.lproj/LaunchScreen.storyboard; sourceTree = "<group>"; };
		04D4635C26CD6A1000141338 /* Info.plist */ = {isa = PBXFileReference; lastKnownFileType = text.plist.xml; path = Info.plist; sourceTree = "<group>"; };
		04D4636126CD6A1000141338 /* inHockeyTests.xctest */ = {isa = PBXFileReference; explicitFileType = wrapper.cfbundle; includeInIndex = 0; path = inHockeyTests.xctest; sourceTree = BUILT_PRODUCTS_DIR; };
		04D4636526CD6A1000141338 /* inHockeyTests.swift */ = {isa = PBXFileReference; lastKnownFileType = sourcecode.swift; path = inHockeyTests.swift; sourceTree = "<group>"; };
		04D4636726CD6A1000141338 /* Info.plist */ = {isa = PBXFileReference; lastKnownFileType = text.plist.xml; path = Info.plist; sourceTree = "<group>"; };
		04D4636C26CD6A1000141338 /* inHockeyUITests.xctest */ = {isa = PBXFileReference; explicitFileType = wrapper.cfbundle; includeInIndex = 0; path = inHockeyUITests.xctest; sourceTree = BUILT_PRODUCTS_DIR; };
		04D4637026CD6A1000141338 /* inHockeyUITests.swift */ = {isa = PBXFileReference; lastKnownFileType = sourcecode.swift; path = inHockeyUITests.swift; sourceTree = "<group>"; };
		04D4637226CD6A1000141338 /* Info.plist */ = {isa = PBXFileReference; lastKnownFileType = text.plist.xml; path = Info.plist; sourceTree = "<group>"; };
		04D4637F26CD6A2F00141338 /* IndieFlower-Regular.ttf */ = {isa = PBXFileReference; lastKnownFileType = file; path = "IndieFlower-Regular.ttf"; sourceTree = "<group>"; };
		04F5E96F26D048B2002F40DA /* LogInViewController.swift */ = {isa = PBXFileReference; lastKnownFileType = sourcecode.swift; path = LogInViewController.swift; sourceTree = "<group>"; };
		04F5E97126D048DA002F40DA /* SignUpViewController.swift */ = {isa = PBXFileReference; lastKnownFileType = sourcecode.swift; path = SignUpViewController.swift; sourceTree = "<group>"; };
		76CCB5E512CF55DC31FF7C45 /* Pods-inHockeyTests.release.xcconfig */ = {isa = PBXFileReference; includeInIndex = 1; lastKnownFileType = text.xcconfig; name = "Pods-inHockeyTests.release.xcconfig"; path = "Target Support Files/Pods-inHockeyTests/Pods-inHockeyTests.release.xcconfig"; sourceTree = "<group>"; };
		8F5B4D96149501EBA1BD98C0 /* Pods-inHockey-inHockeyUITests.debug.xcconfig */ = {isa = PBXFileReference; includeInIndex = 1; lastKnownFileType = text.xcconfig; name = "Pods-inHockey-inHockeyUITests.debug.xcconfig"; path = "Target Support Files/Pods-inHockey-inHockeyUITests/Pods-inHockey-inHockeyUITests.debug.xcconfig"; sourceTree = "<group>"; };
		9119082221E5F521FC807B26 /* Pods_inHockeyTests.framework */ = {isa = PBXFileReference; explicitFileType = wrapper.framework; includeInIndex = 0; path = Pods_inHockeyTests.framework; sourceTree = BUILT_PRODUCTS_DIR; };
		B17BBB3A94C823E902FA3598 /* Pods-inHockey.debug.xcconfig */ = {isa = PBXFileReference; includeInIndex = 1; lastKnownFileType = text.xcconfig; name = "Pods-inHockey.debug.xcconfig"; path = "Target Support Files/Pods-inHockey/Pods-inHockey.debug.xcconfig"; sourceTree = "<group>"; };
		B1D258703B3FA6CA74CF6971 /* Pods-inHockey-inHockeyUITests.release.xcconfig */ = {isa = PBXFileReference; includeInIndex = 1; lastKnownFileType = text.xcconfig; name = "Pods-inHockey-inHockeyUITests.release.xcconfig"; path = "Target Support Files/Pods-inHockey-inHockeyUITests/Pods-inHockey-inHockeyUITests.release.xcconfig"; sourceTree = "<group>"; };
		C5E5D49DBC856CEAE50BE0A4 /* Pods_inHockey_inHockeyUITests.framework */ = {isa = PBXFileReference; explicitFileType = wrapper.framework; includeInIndex = 0; path = Pods_inHockey_inHockeyUITests.framework; sourceTree = BUILT_PRODUCTS_DIR; };
		CF57270C524FBA014EC9DA9F /* Pods_inHockey.framework */ = {isa = PBXFileReference; explicitFileType = wrapper.framework; includeInIndex = 0; path = Pods_inHockey.framework; sourceTree = BUILT_PRODUCTS_DIR; };
		E78FD2A39CCFB1E3A4B381CE /* Pods-inHockeyTests.debug.xcconfig */ = {isa = PBXFileReference; includeInIndex = 1; lastKnownFileType = text.xcconfig; name = "Pods-inHockeyTests.debug.xcconfig"; path = "Target Support Files/Pods-inHockeyTests/Pods-inHockeyTests.debug.xcconfig"; sourceTree = "<group>"; };
		E81E90467675A0BA4F8668CE /* Pods-inHockey.release.xcconfig */ = {isa = PBXFileReference; includeInIndex = 1; lastKnownFileType = text.xcconfig; name = "Pods-inHockey.release.xcconfig"; path = "Target Support Files/Pods-inHockey/Pods-inHockey.release.xcconfig"; sourceTree = "<group>"; };
/* End PBXFileReference section */

/* Begin PBXFrameworksBuildPhase section */
		04D4634826CD6A0C00141338 /* Frameworks */ = {
			isa = PBXFrameworksBuildPhase;
			buildActionMask = 2147483647;
			files = (
				00597695AA7F28D57A55EC3B /* Pods_inHockey.framework in Frameworks */,
			);
			runOnlyForDeploymentPostprocessing = 0;
		};
		04D4635E26CD6A1000141338 /* Frameworks */ = {
			isa = PBXFrameworksBuildPhase;
			buildActionMask = 2147483647;
			files = (
				57CC4475517AE15F739CF25F /* Pods_inHockeyTests.framework in Frameworks */,
			);
			runOnlyForDeploymentPostprocessing = 0;
		};
		04D4636926CD6A1000141338 /* Frameworks */ = {
			isa = PBXFrameworksBuildPhase;
			buildActionMask = 2147483647;
			files = (
				689E0BBC3A50AF6A4F707C5A /* Pods_inHockey_inHockeyUITests.framework in Frameworks */,
			);
			runOnlyForDeploymentPostprocessing = 0;
		};
/* End PBXFrameworksBuildPhase section */

/* Begin PBXGroup section */
		0449ADDF26D68C95008EB1EE /* View Controllers */ = {
			isa = PBXGroup;
			children = (
				04D4635226CD6A0C00141338 /* AuthViewController.swift */,
				04F5E96F26D048B2002F40DA /* LogInViewController.swift */,
				04F5E97126D048DA002F40DA /* SignUpViewController.swift */,
				04521FA526EBE2F600FEA303 /* TabBarController.swift */,
				04521FA326EBE29D00FEA303 /* FunctionalViewController.swift */,
				049738C32714CC1700A76ABA /* CreateTeamViewController.swift */,
				04521FA726EBE32100FEA303 /* CommunicationViewController.swift */,
				047EC47B2702617200E0DE90 /* ImagePickerController.swift */,
			);
			path = "View Controllers";
			sourceTree = "<group>";
		};
		0477FF5826F9F9250007FC3C /* Models */ = {
			isa = PBXGroup;
			children = (
				0477FF5426F9F8F10007FC3C /* LogInModel.swift */,
				0477FF5626F9F9180007FC3C /* SignUpModel.swift */,
				047EC4752702384900E0DE90 /* DatabaseModel.swift */,
				047EC47927024EAC00E0DE90 /* ImageLoader.swift */,
				047EC47727023C0E00E0DE90 /* User.swift */,
			);
			path = Models;
			sourceTree = "<group>";
		};
		047EC43526FF628900E0DE90 /* Views */ = {
			isa = PBXGroup;
			children = (
				047EC43326FF619D00E0DE90 /* MyTableViewCell.swift */,
				0437AF062709E4DC000BB13A /* LoadingButtonImage.swift */,
			);
			path = Views;
			sourceTree = "<group>";
		};
		047EC4C52703A8C200E0DE90 /* Profile */ = {
			isa = PBXGroup;
			children = (
				047EC4B92703A8B400E0DE90 /* ProfilePresenter.swift */,
				047EC4BA2703A8B400E0DE90 /* ProfileRouter.swift */,
				047EC4BB2703A8B400E0DE90 /* ProfileViewController.swift */,
				047EC4BC2703A8B400E0DE90 /* ProfileProtocols.swift */,
				047EC4BD2703A8B400E0DE90 /* ProfileInteractor.swift */,
				047EC4BE2703A8B400E0DE90 /* ProfileContainer.swift */,
			);
			path = Profile;
			sourceTree = "<group>";
		};
		04D4634226CD6A0C00141338 = {
			isa = PBXGroup;
			children = (
				04D4634D26CD6A0C00141338 /* inHockey */,
				04D4636426CD6A1000141338 /* inHockeyTests */,
				04D4636F26CD6A1000141338 /* inHockeyUITests */,
				04D4634C26CD6A0C00141338 /* Products */,
				4B6EF2D2F2A3DF8FFBFDCA59 /* Pods */,
				CFA3687B868F41486F5EB27A /* Frameworks */,
			);
			sourceTree = "<group>";
		};
		04D4634C26CD6A0C00141338 /* Products */ = {
			isa = PBXGroup;
			children = (
				04D4634B26CD6A0C00141338 /* inHockey.app */,
				04D4636126CD6A1000141338 /* inHockeyTests.xctest */,
				04D4636C26CD6A1000141338 /* inHockeyUITests.xctest */,
			);
			name = Products;
			sourceTree = "<group>";
		};
		04D4634D26CD6A0C00141338 /* inHockey */ = {
			isa = PBXGroup;
			children = (
				047EC43526FF628900E0DE90 /* Views */,
				0477FF5826F9F9250007FC3C /* Models */,
				0449ADDF26D68C95008EB1EE /* View Controllers */,
				047EC4C52703A8C200E0DE90 /* Profile */,
				04D4637E26CD6A1E00141338 /* Fonts */,
				04D4634E26CD6A0C00141338 /* AppDelegate.swift */,
				04D4635026CD6A0C00141338 /* SceneDelegate.swift */,
				04D4635426CD6A0C00141338 /* Main.storyboard */,
				04D4635726CD6A1000141338 /* Assets.xcassets */,
				04D4635926CD6A1000141338 /* LaunchScreen.storyboard */,
				04521F9426EA78EC00FEA303 /* GoogleService-Info.plist */,
				04D4635C26CD6A1000141338 /* Info.plist */,
			);
			path = inHockey;
			sourceTree = "<group>";
		};
		04D4636426CD6A1000141338 /* inHockeyTests */ = {
			isa = PBXGroup;
			children = (
				04D4636526CD6A1000141338 /* inHockeyTests.swift */,
				04D4636726CD6A1000141338 /* Info.plist */,
			);
			path = inHockeyTests;
			sourceTree = "<group>";
		};
		04D4636F26CD6A1000141338 /* inHockeyUITests */ = {
			isa = PBXGroup;
			children = (
				04D4637026CD6A1000141338 /* inHockeyUITests.swift */,
				04D4637226CD6A1000141338 /* Info.plist */,
			);
			path = inHockeyUITests;
			sourceTree = "<group>";
		};
		04D4637E26CD6A1E00141338 /* Fonts */ = {
			isa = PBXGroup;
			children = (
				04D4637F26CD6A2F00141338 /* IndieFlower-Regular.ttf */,
			);
			path = Fonts;
			sourceTree = "<group>";
		};
		4B6EF2D2F2A3DF8FFBFDCA59 /* Pods */ = {
			isa = PBXGroup;
			children = (
				B17BBB3A94C823E902FA3598 /* Pods-inHockey.debug.xcconfig */,
				E81E90467675A0BA4F8668CE /* Pods-inHockey.release.xcconfig */,
				8F5B4D96149501EBA1BD98C0 /* Pods-inHockey-inHockeyUITests.debug.xcconfig */,
				B1D258703B3FA6CA74CF6971 /* Pods-inHockey-inHockeyUITests.release.xcconfig */,
				E78FD2A39CCFB1E3A4B381CE /* Pods-inHockeyTests.debug.xcconfig */,
				76CCB5E512CF55DC31FF7C45 /* Pods-inHockeyTests.release.xcconfig */,
			);
			path = Pods;
			sourceTree = "<group>";
		};
		CFA3687B868F41486F5EB27A /* Frameworks */ = {
			isa = PBXGroup;
			children = (
				CF57270C524FBA014EC9DA9F /* Pods_inHockey.framework */,
				C5E5D49DBC856CEAE50BE0A4 /* Pods_inHockey_inHockeyUITests.framework */,
				9119082221E5F521FC807B26 /* Pods_inHockeyTests.framework */,
			);
			name = Frameworks;
			sourceTree = "<group>";
		};
/* End PBXGroup section */

/* Begin PBXNativeTarget section */
		04D4634A26CD6A0C00141338 /* inHockey */ = {
			isa = PBXNativeTarget;
			buildConfigurationList = 04D4637526CD6A1000141338 /* Build configuration list for PBXNativeTarget "inHockey" */;
			buildPhases = (
				B14119B37625C18173438EB1 /* [CP] Check Pods Manifest.lock */,
				04D4634726CD6A0C00141338 /* Sources */,
				04D4634826CD6A0C00141338 /* Frameworks */,
				04D4634926CD6A0C00141338 /* Resources */,
				4AF2A63C5643DB8347D50FBB /* [CP] Embed Pods Frameworks */,
			);
			buildRules = (
			);
			dependencies = (
			);
			name = inHockey;
			productName = inHockey;
			productReference = 04D4634B26CD6A0C00141338 /* inHockey.app */;
			productType = "com.apple.product-type.application";
		};
		04D4636026CD6A1000141338 /* inHockeyTests */ = {
			isa = PBXNativeTarget;
			buildConfigurationList = 04D4637826CD6A1000141338 /* Build configuration list for PBXNativeTarget "inHockeyTests" */;
			buildPhases = (
				E9873F30AD98590F0513D9F7 /* [CP] Check Pods Manifest.lock */,
				04D4635D26CD6A1000141338 /* Sources */,
				04D4635E26CD6A1000141338 /* Frameworks */,
				04D4635F26CD6A1000141338 /* Resources */,
			);
			buildRules = (
			);
			dependencies = (
				04D4636326CD6A1000141338 /* PBXTargetDependency */,
			);
			name = inHockeyTests;
			productName = inHockeyTests;
			productReference = 04D4636126CD6A1000141338 /* inHockeyTests.xctest */;
			productType = "com.apple.product-type.bundle.unit-test";
		};
		04D4636B26CD6A1000141338 /* inHockeyUITests */ = {
			isa = PBXNativeTarget;
			buildConfigurationList = 04D4637B26CD6A1000141338 /* Build configuration list for PBXNativeTarget "inHockeyUITests" */;
			buildPhases = (
				DA4062BBFEE530816DF07BF1 /* [CP] Check Pods Manifest.lock */,
				04D4636826CD6A1000141338 /* Sources */,
				04D4636926CD6A1000141338 /* Frameworks */,
				04D4636A26CD6A1000141338 /* Resources */,
				836640FB916C431CFAA84CE7 /* [CP] Embed Pods Frameworks */,
			);
			buildRules = (
			);
			dependencies = (
				04D4636E26CD6A1000141338 /* PBXTargetDependency */,
			);
			name = inHockeyUITests;
			productName = inHockeyUITests;
			productReference = 04D4636C26CD6A1000141338 /* inHockeyUITests.xctest */;
			productType = "com.apple.product-type.bundle.ui-testing";
		};
/* End PBXNativeTarget section */

/* Begin PBXProject section */
		04D4634326CD6A0C00141338 /* Project object */ = {
			isa = PBXProject;
			attributes = {
				LastSwiftUpdateCheck = 1250;
				LastUpgradeCheck = 1250;
				TargetAttributes = {
					04D4634A26CD6A0C00141338 = {
						CreatedOnToolsVersion = 12.5.1;
					};
					04D4636026CD6A1000141338 = {
						CreatedOnToolsVersion = 12.5.1;
						TestTargetID = 04D4634A26CD6A0C00141338;
					};
					04D4636B26CD6A1000141338 = {
						CreatedOnToolsVersion = 12.5.1;
						TestTargetID = 04D4634A26CD6A0C00141338;
					};
				};
			};
			buildConfigurationList = 04D4634626CD6A0C00141338 /* Build configuration list for PBXProject "inHockey" */;
			compatibilityVersion = "Xcode 9.3";
			developmentRegion = en;
			hasScannedForEncodings = 0;
			knownRegions = (
				en,
				Base,
			);
			mainGroup = 04D4634226CD6A0C00141338;
			productRefGroup = 04D4634C26CD6A0C00141338 /* Products */;
			projectDirPath = "";
			projectRoot = "";
			targets = (
				04D4634A26CD6A0C00141338 /* inHockey */,
				04D4636026CD6A1000141338 /* inHockeyTests */,
				04D4636B26CD6A1000141338 /* inHockeyUITests */,
			);
		};
/* End PBXProject section */

/* Begin PBXResourcesBuildPhase section */
		04D4634926CD6A0C00141338 /* Resources */ = {
			isa = PBXResourcesBuildPhase;
			buildActionMask = 2147483647;
			files = (
				04D4635B26CD6A1000141338 /* LaunchScreen.storyboard in Resources */,
				04D4635826CD6A1000141338 /* Assets.xcassets in Resources */,
				04521F9526EA78EC00FEA303 /* GoogleService-Info.plist in Resources */,
				04D4638026CD6A2F00141338 /* IndieFlower-Regular.ttf in Resources */,
				04D4635626CD6A0C00141338 /* Main.storyboard in Resources */,
			);
			runOnlyForDeploymentPostprocessing = 0;
		};
		04D4635F26CD6A1000141338 /* Resources */ = {
			isa = PBXResourcesBuildPhase;
			buildActionMask = 2147483647;
			files = (
			);
			runOnlyForDeploymentPostprocessing = 0;
		};
		04D4636A26CD6A1000141338 /* Resources */ = {
			isa = PBXResourcesBuildPhase;
			buildActionMask = 2147483647;
			files = (
			);
			runOnlyForDeploymentPostprocessing = 0;
		};
/* End PBXResourcesBuildPhase section */

/* Begin PBXShellScriptBuildPhase section */
		4AF2A63C5643DB8347D50FBB /* [CP] Embed Pods Frameworks */ = {
			isa = PBXShellScriptBuildPhase;
			buildActionMask = 2147483647;
			files = (
			);
			inputFileListPaths = (
				"${PODS_ROOT}/Target Support Files/Pods-inHockey/Pods-inHockey-frameworks-${CONFIGURATION}-input-files.xcfilelist",
			);
			name = "[CP] Embed Pods Frameworks";
			outputFileListPaths = (
				"${PODS_ROOT}/Target Support Files/Pods-inHockey/Pods-inHockey-frameworks-${CONFIGURATION}-output-files.xcfilelist",
			);
			runOnlyForDeploymentPostprocessing = 0;
			shellPath = /bin/sh;
			shellScript = "\"${PODS_ROOT}/Target Support Files/Pods-inHockey/Pods-inHockey-frameworks.sh\"\n";
			showEnvVarsInLog = 0;
		};
		836640FB916C431CFAA84CE7 /* [CP] Embed Pods Frameworks */ = {
			isa = PBXShellScriptBuildPhase;
			buildActionMask = 2147483647;
			files = (
			);
			inputFileListPaths = (
				"${PODS_ROOT}/Target Support Files/Pods-inHockey-inHockeyUITests/Pods-inHockey-inHockeyUITests-frameworks-${CONFIGURATION}-input-files.xcfilelist",
			);
			name = "[CP] Embed Pods Frameworks";
			outputFileListPaths = (
				"${PODS_ROOT}/Target Support Files/Pods-inHockey-inHockeyUITests/Pods-inHockey-inHockeyUITests-frameworks-${CONFIGURATION}-output-files.xcfilelist",
			);
			runOnlyForDeploymentPostprocessing = 0;
			shellPath = /bin/sh;
			shellScript = "\"${PODS_ROOT}/Target Support Files/Pods-inHockey-inHockeyUITests/Pods-inHockey-inHockeyUITests-frameworks.sh\"\n";
			showEnvVarsInLog = 0;
		};
		B14119B37625C18173438EB1 /* [CP] Check Pods Manifest.lock */ = {
			isa = PBXShellScriptBuildPhase;
			buildActionMask = 2147483647;
			files = (
			);
			inputFileListPaths = (
			);
			inputPaths = (
				"${PODS_PODFILE_DIR_PATH}/Podfile.lock",
				"${PODS_ROOT}/Manifest.lock",
			);
			name = "[CP] Check Pods Manifest.lock";
			outputFileListPaths = (
			);
			outputPaths = (
				"$(DERIVED_FILE_DIR)/Pods-inHockey-checkManifestLockResult.txt",
			);
			runOnlyForDeploymentPostprocessing = 0;
			shellPath = /bin/sh;
			shellScript = "diff \"${PODS_PODFILE_DIR_PATH}/Podfile.lock\" \"${PODS_ROOT}/Manifest.lock\" > /dev/null\nif [ $? != 0 ] ; then\n    # print error to STDERR\n    echo \"error: The sandbox is not in sync with the Podfile.lock. Run 'pod install' or update your CocoaPods installation.\" >&2\n    exit 1\nfi\n# This output is used by Xcode 'outputs' to avoid re-running this script phase.\necho \"SUCCESS\" > \"${SCRIPT_OUTPUT_FILE_0}\"\n";
			showEnvVarsInLog = 0;
		};
		DA4062BBFEE530816DF07BF1 /* [CP] Check Pods Manifest.lock */ = {
			isa = PBXShellScriptBuildPhase;
			buildActionMask = 2147483647;
			files = (
			);
			inputFileListPaths = (
			);
			inputPaths = (
				"${PODS_PODFILE_DIR_PATH}/Podfile.lock",
				"${PODS_ROOT}/Manifest.lock",
			);
			name = "[CP] Check Pods Manifest.lock";
			outputFileListPaths = (
			);
			outputPaths = (
				"$(DERIVED_FILE_DIR)/Pods-inHockey-inHockeyUITests-checkManifestLockResult.txt",
			);
			runOnlyForDeploymentPostprocessing = 0;
			shellPath = /bin/sh;
			shellScript = "diff \"${PODS_PODFILE_DIR_PATH}/Podfile.lock\" \"${PODS_ROOT}/Manifest.lock\" > /dev/null\nif [ $? != 0 ] ; then\n    # print error to STDERR\n    echo \"error: The sandbox is not in sync with the Podfile.lock. Run 'pod install' or update your CocoaPods installation.\" >&2\n    exit 1\nfi\n# This output is used by Xcode 'outputs' to avoid re-running this script phase.\necho \"SUCCESS\" > \"${SCRIPT_OUTPUT_FILE_0}\"\n";
			showEnvVarsInLog = 0;
		};
		E9873F30AD98590F0513D9F7 /* [CP] Check Pods Manifest.lock */ = {
			isa = PBXShellScriptBuildPhase;
			buildActionMask = 2147483647;
			files = (
			);
			inputFileListPaths = (
			);
			inputPaths = (
				"${PODS_PODFILE_DIR_PATH}/Podfile.lock",
				"${PODS_ROOT}/Manifest.lock",
			);
			name = "[CP] Check Pods Manifest.lock";
			outputFileListPaths = (
			);
			outputPaths = (
				"$(DERIVED_FILE_DIR)/Pods-inHockeyTests-checkManifestLockResult.txt",
			);
			runOnlyForDeploymentPostprocessing = 0;
			shellPath = /bin/sh;
			shellScript = "diff \"${PODS_PODFILE_DIR_PATH}/Podfile.lock\" \"${PODS_ROOT}/Manifest.lock\" > /dev/null\nif [ $? != 0 ] ; then\n    # print error to STDERR\n    echo \"error: The sandbox is not in sync with the Podfile.lock. Run 'pod install' or update your CocoaPods installation.\" >&2\n    exit 1\nfi\n# This output is used by Xcode 'outputs' to avoid re-running this script phase.\necho \"SUCCESS\" > \"${SCRIPT_OUTPUT_FILE_0}\"\n";
			showEnvVarsInLog = 0;
		};
/* End PBXShellScriptBuildPhase section */

/* Begin PBXSourcesBuildPhase section */
		04D4634726CD6A0C00141338 /* Sources */ = {
			isa = PBXSourcesBuildPhase;
			buildActionMask = 2147483647;
			files = (
				04521FA426EBE29D00FEA303 /* FunctionalViewController.swift in Sources */,
				047EC4C42703A8B400E0DE90 /* ProfileContainer.swift in Sources */,
				047EC4762702384900E0DE90 /* DatabaseModel.swift in Sources */,
				047EC47A27024EAC00E0DE90 /* ImageLoader.swift in Sources */,
				0477FF5526F9F8F10007FC3C /* LogInModel.swift in Sources */,
				04D4635326CD6A0C00141338 /* AuthViewController.swift in Sources */,
				04F5E97026D048B2002F40DA /* LogInViewController.swift in Sources */,
				047EC43426FF619D00E0DE90 /* MyTableViewCell.swift in Sources */,
				047EC47827023C0E00E0DE90 /* User.swift in Sources */,
				0437AF072709E4DC000BB13A /* LoadingButtonImage.swift in Sources */,
				04521FA826EBE32100FEA303 /* CommunicationViewController.swift in Sources */,
				047EC4C12703A8B400E0DE90 /* ProfileViewController.swift in Sources */,
				04D4634F26CD6A0C00141338 /* AppDelegate.swift in Sources */,
				047EC4BF2703A8B400E0DE90 /* ProfilePresenter.swift in Sources */,
				04521FA626EBE2F600FEA303 /* TabBarController.swift in Sources */,
				049738C42714CC1700A76ABA /* CreateTeamViewController.swift in Sources */,
				047EC4C32703A8B400E0DE90 /* ProfileInteractor.swift in Sources */,
				047EC4C02703A8B400E0DE90 /* ProfileRouter.swift in Sources */,
				047EC47C2702617200E0DE90 /* ImagePickerController.swift in Sources */,
				04D4635126CD6A0C00141338 /* SceneDelegate.swift in Sources */,
				0477FF5726F9F9180007FC3C /* SignUpModel.swift in Sources */,
				04F5E97226D048DA002F40DA /* SignUpViewController.swift in Sources */,
				047EC4C22703A8B400E0DE90 /* ProfileProtocols.swift in Sources */,
			);
			runOnlyForDeploymentPostprocessing = 0;
		};
		04D4635D26CD6A1000141338 /* Sources */ = {
			isa = PBXSourcesBuildPhase;
			buildActionMask = 2147483647;
			files = (
				04D4636626CD6A1000141338 /* inHockeyTests.swift in Sources */,
			);
			runOnlyForDeploymentPostprocessing = 0;
		};
		04D4636826CD6A1000141338 /* Sources */ = {
			isa = PBXSourcesBuildPhase;
			buildActionMask = 2147483647;
			files = (
				04D4637126CD6A1000141338 /* inHockeyUITests.swift in Sources */,
			);
			runOnlyForDeploymentPostprocessing = 0;
		};
/* End PBXSourcesBuildPhase section */

/* Begin PBXTargetDependency section */
		04D4636326CD6A1000141338 /* PBXTargetDependency */ = {
			isa = PBXTargetDependency;
			target = 04D4634A26CD6A0C00141338 /* inHockey */;
			targetProxy = 04D4636226CD6A1000141338 /* PBXContainerItemProxy */;
		};
		04D4636E26CD6A1000141338 /* PBXTargetDependency */ = {
			isa = PBXTargetDependency;
			target = 04D4634A26CD6A0C00141338 /* inHockey */;
			targetProxy = 04D4636D26CD6A1000141338 /* PBXContainerItemProxy */;
		};
/* End PBXTargetDependency section */

/* Begin PBXVariantGroup section */
		04D4635426CD6A0C00141338 /* Main.storyboard */ = {
			isa = PBXVariantGroup;
			children = (
				04D4635526CD6A0C00141338 /* Base */,
			);
			name = Main.storyboard;
			sourceTree = "<group>";
		};
		04D4635926CD6A1000141338 /* LaunchScreen.storyboard */ = {
			isa = PBXVariantGroup;
			children = (
				04D4635A26CD6A1000141338 /* Base */,
			);
			name = LaunchScreen.storyboard;
			sourceTree = "<group>";
		};
/* End PBXVariantGroup section */

/* Begin XCBuildConfiguration section */
		04D4637326CD6A1000141338 /* Debug */ = {
			isa = XCBuildConfiguration;
			buildSettings = {
				ALWAYS_SEARCH_USER_PATHS = NO;
				CLANG_ANALYZER_NONNULL = YES;
				CLANG_ANALYZER_NUMBER_OBJECT_CONVERSION = YES_AGGRESSIVE;
				CLANG_CXX_LANGUAGE_STANDARD = "gnu++14";
				CLANG_CXX_LIBRARY = "libc++";
				CLANG_ENABLE_MODULES = YES;
				CLANG_ENABLE_OBJC_ARC = YES;
				CLANG_ENABLE_OBJC_WEAK = YES;
				CLANG_WARN_BLOCK_CAPTURE_AUTORELEASING = YES;
				CLANG_WARN_BOOL_CONVERSION = YES;
				CLANG_WARN_COMMA = YES;
				CLANG_WARN_CONSTANT_CONVERSION = YES;
				CLANG_WARN_DEPRECATED_OBJC_IMPLEMENTATIONS = YES;
				CLANG_WARN_DIRECT_OBJC_ISA_USAGE = YES_ERROR;
				CLANG_WARN_DOCUMENTATION_COMMENTS = YES;
				CLANG_WARN_EMPTY_BODY = YES;
				CLANG_WARN_ENUM_CONVERSION = YES;
				CLANG_WARN_INFINITE_RECURSION = YES;
				CLANG_WARN_INT_CONVERSION = YES;
				CLANG_WARN_NON_LITERAL_NULL_CONVERSION = YES;
				CLANG_WARN_OBJC_IMPLICIT_RETAIN_SELF = YES;
				CLANG_WARN_OBJC_LITERAL_CONVERSION = YES;
				CLANG_WARN_OBJC_ROOT_CLASS = YES_ERROR;
				CLANG_WARN_QUOTED_INCLUDE_IN_FRAMEWORK_HEADER = YES;
				CLANG_WARN_RANGE_LOOP_ANALYSIS = YES;
				CLANG_WARN_STRICT_PROTOTYPES = YES;
				CLANG_WARN_SUSPICIOUS_MOVE = YES;
				CLANG_WARN_UNGUARDED_AVAILABILITY = YES_AGGRESSIVE;
				CLANG_WARN_UNREACHABLE_CODE = YES;
				CLANG_WARN__DUPLICATE_METHOD_MATCH = YES;
				COPY_PHASE_STRIP = NO;
				DEBUG_INFORMATION_FORMAT = dwarf;
				ENABLE_STRICT_OBJC_MSGSEND = YES;
				ENABLE_TESTABILITY = YES;
				GCC_C_LANGUAGE_STANDARD = gnu11;
				GCC_DYNAMIC_NO_PIC = NO;
				GCC_NO_COMMON_BLOCKS = YES;
				GCC_OPTIMIZATION_LEVEL = 0;
				GCC_PREPROCESSOR_DEFINITIONS = (
					"DEBUG=1",
					"$(inherited)",
				);
				GCC_WARN_64_TO_32_BIT_CONVERSION = YES;
				GCC_WARN_ABOUT_RETURN_TYPE = YES_ERROR;
				GCC_WARN_UNDECLARED_SELECTOR = YES;
				GCC_WARN_UNINITIALIZED_AUTOS = YES_AGGRESSIVE;
				GCC_WARN_UNUSED_FUNCTION = YES;
				GCC_WARN_UNUSED_VARIABLE = YES;
				IPHONEOS_DEPLOYMENT_TARGET = 14.5;
				MTL_ENABLE_DEBUG_INFO = INCLUDE_SOURCE;
				MTL_FAST_MATH = YES;
				ONLY_ACTIVE_ARCH = YES;
				SDKROOT = iphoneos;
				SWIFT_ACTIVE_COMPILATION_CONDITIONS = DEBUG;
				SWIFT_OPTIMIZATION_LEVEL = "-Onone";
			};
			name = Debug;
		};
		04D4637426CD6A1000141338 /* Release */ = {
			isa = XCBuildConfiguration;
			buildSettings = {
				ALWAYS_SEARCH_USER_PATHS = NO;
				CLANG_ANALYZER_NONNULL = YES;
				CLANG_ANALYZER_NUMBER_OBJECT_CONVERSION = YES_AGGRESSIVE;
				CLANG_CXX_LANGUAGE_STANDARD = "gnu++14";
				CLANG_CXX_LIBRARY = "libc++";
				CLANG_ENABLE_MODULES = YES;
				CLANG_ENABLE_OBJC_ARC = YES;
				CLANG_ENABLE_OBJC_WEAK = YES;
				CLANG_WARN_BLOCK_CAPTURE_AUTORELEASING = YES;
				CLANG_WARN_BOOL_CONVERSION = YES;
				CLANG_WARN_COMMA = YES;
				CLANG_WARN_CONSTANT_CONVERSION = YES;
				CLANG_WARN_DEPRECATED_OBJC_IMPLEMENTATIONS = YES;
				CLANG_WARN_DIRECT_OBJC_ISA_USAGE = YES_ERROR;
				CLANG_WARN_DOCUMENTATION_COMMENTS = YES;
				CLANG_WARN_EMPTY_BODY = YES;
				CLANG_WARN_ENUM_CONVERSION = YES;
				CLANG_WARN_INFINITE_RECURSION = YES;
				CLANG_WARN_INT_CONVERSION = YES;
				CLANG_WARN_NON_LITERAL_NULL_CONVERSION = YES;
				CLANG_WARN_OBJC_IMPLICIT_RETAIN_SELF = YES;
				CLANG_WARN_OBJC_LITERAL_CONVERSION = YES;
				CLANG_WARN_OBJC_ROOT_CLASS = YES_ERROR;
				CLANG_WARN_QUOTED_INCLUDE_IN_FRAMEWORK_HEADER = YES;
				CLANG_WARN_RANGE_LOOP_ANALYSIS = YES;
				CLANG_WARN_STRICT_PROTOTYPES = YES;
				CLANG_WARN_SUSPICIOUS_MOVE = YES;
				CLANG_WARN_UNGUARDED_AVAILABILITY = YES_AGGRESSIVE;
				CLANG_WARN_UNREACHABLE_CODE = YES;
				CLANG_WARN__DUPLICATE_METHOD_MATCH = YES;
				COPY_PHASE_STRIP = NO;
				DEBUG_INFORMATION_FORMAT = "dwarf-with-dsym";
				ENABLE_NS_ASSERTIONS = NO;
				ENABLE_STRICT_OBJC_MSGSEND = YES;
				GCC_C_LANGUAGE_STANDARD = gnu11;
				GCC_NO_COMMON_BLOCKS = YES;
				GCC_WARN_64_TO_32_BIT_CONVERSION = YES;
				GCC_WARN_ABOUT_RETURN_TYPE = YES_ERROR;
				GCC_WARN_UNDECLARED_SELECTOR = YES;
				GCC_WARN_UNINITIALIZED_AUTOS = YES_AGGRESSIVE;
				GCC_WARN_UNUSED_FUNCTION = YES;
				GCC_WARN_UNUSED_VARIABLE = YES;
				IPHONEOS_DEPLOYMENT_TARGET = 14.5;
				MTL_ENABLE_DEBUG_INFO = NO;
				MTL_FAST_MATH = YES;
				SDKROOT = iphoneos;
				SWIFT_COMPILATION_MODE = wholemodule;
				SWIFT_OPTIMIZATION_LEVEL = "-O";
				VALIDATE_PRODUCT = YES;
			};
			name = Release;
		};
		04D4637626CD6A1000141338 /* Debug */ = {
			isa = XCBuildConfiguration;
			baseConfigurationReference = B17BBB3A94C823E902FA3598 /* Pods-inHockey.debug.xcconfig */;
			buildSettings = {
				ASSETCATALOG_COMPILER_APPICON_NAME = AppIcon;
				ASSETCATALOG_COMPILER_GLOBAL_ACCENT_COLOR_NAME = AccentColor;
				CODE_SIGN_STYLE = Automatic;
				DEVELOPMENT_TEAM = CF76M9X65W;
				INFOPLIST_FILE = inHockey/Info.plist;
				LD_RUNPATH_SEARCH_PATHS = (
					"$(inherited)",
					"@executable_path/Frameworks",
				);
				PRODUCT_BUNDLE_IDENTIFIER = efimi.inHockey;
				PRODUCT_NAME = "$(TARGET_NAME)";
				SWIFT_VERSION = 5.0;
				TARGETED_DEVICE_FAMILY = 1;
			};
			name = Debug;
		};
		04D4637726CD6A1000141338 /* Release */ = {
			isa = XCBuildConfiguration;
			baseConfigurationReference = E81E90467675A0BA4F8668CE /* Pods-inHockey.release.xcconfig */;
			buildSettings = {
				ASSETCATALOG_COMPILER_APPICON_NAME = AppIcon;
				ASSETCATALOG_COMPILER_GLOBAL_ACCENT_COLOR_NAME = AccentColor;
				CODE_SIGN_STYLE = Automatic;
				DEVELOPMENT_TEAM = CF76M9X65W;
				INFOPLIST_FILE = inHockey/Info.plist;
				LD_RUNPATH_SEARCH_PATHS = (
					"$(inherited)",
					"@executable_path/Frameworks",
				);
				PRODUCT_BUNDLE_IDENTIFIER = efimi.inHockey;
				PRODUCT_NAME = "$(TARGET_NAME)";
				SWIFT_VERSION = 5.0;
				TARGETED_DEVICE_FAMILY = 1;
			};
			name = Release;
		};
		04D4637926CD6A1000141338 /* Debug */ = {
			isa = XCBuildConfiguration;
			baseConfigurationReference = E78FD2A39CCFB1E3A4B381CE /* Pods-inHockeyTests.debug.xcconfig */;
			buildSettings = {
				ALWAYS_EMBED_SWIFT_STANDARD_LIBRARIES = YES;
				BUNDLE_LOADER = "$(TEST_HOST)";
				CODE_SIGN_STYLE = Automatic;
				DEVELOPMENT_TEAM = CF76M9X65W;
				INFOPLIST_FILE = inHockeyTests/Info.plist;
				IPHONEOS_DEPLOYMENT_TARGET = 14.5;
				LD_RUNPATH_SEARCH_PATHS = (
					"$(inherited)",
					"@executable_path/Frameworks",
					"@loader_path/Frameworks",
				);
				PRODUCT_BUNDLE_IDENTIFIER = efimi.inHockeyTests;
				PRODUCT_NAME = "$(TARGET_NAME)";
				SWIFT_VERSION = 5.0;
				TARGETED_DEVICE_FAMILY = "1,2";
				TEST_HOST = "$(BUILT_PRODUCTS_DIR)/inHockey.app/inHockey";
			};
			name = Debug;
		};
		04D4637A26CD6A1000141338 /* Release */ = {
			isa = XCBuildConfiguration;
			baseConfigurationReference = 76CCB5E512CF55DC31FF7C45 /* Pods-inHockeyTests.release.xcconfig */;
			buildSettings = {
				ALWAYS_EMBED_SWIFT_STANDARD_LIBRARIES = YES;
				BUNDLE_LOADER = "$(TEST_HOST)";
				CODE_SIGN_STYLE = Automatic;
				DEVELOPMENT_TEAM = CF76M9X65W;
				INFOPLIST_FILE = inHockeyTests/Info.plist;
				IPHONEOS_DEPLOYMENT_TARGET = 14.5;
				LD_RUNPATH_SEARCH_PATHS = (
					"$(inherited)",
					"@executable_path/Frameworks",
					"@loader_path/Frameworks",
				);
				PRODUCT_BUNDLE_IDENTIFIER = efimi.inHockeyTests;
				PRODUCT_NAME = "$(TARGET_NAME)";
				SWIFT_VERSION = 5.0;
				TARGETED_DEVICE_FAMILY = "1,2";
				TEST_HOST = "$(BUILT_PRODUCTS_DIR)/inHockey.app/inHockey";
			};
			name = Release;
		};
		04D4637C26CD6A1000141338 /* Debug */ = {
			isa = XCBuildConfiguration;
			baseConfigurationReference = 8F5B4D96149501EBA1BD98C0 /* Pods-inHockey-inHockeyUITests.debug.xcconfig */;
			buildSettings = {
				ALWAYS_EMBED_SWIFT_STANDARD_LIBRARIES = YES;
				CODE_SIGN_STYLE = Automatic;
				DEVELOPMENT_TEAM = CF76M9X65W;
				INFOPLIST_FILE = inHockeyUITests/Info.plist;
				LD_RUNPATH_SEARCH_PATHS = (
					"$(inherited)",
					"@executable_path/Frameworks",
					"@loader_path/Frameworks",
				);
				PRODUCT_BUNDLE_IDENTIFIER = efimi.inHockeyUITests;
				PRODUCT_NAME = "$(TARGET_NAME)";
				SWIFT_VERSION = 5.0;
				TARGETED_DEVICE_FAMILY = "1,2";
				TEST_TARGET_NAME = inHockey;
			};
			name = Debug;
		};
		04D4637D26CD6A1000141338 /* Release */ = {
			isa = XCBuildConfiguration;
			baseConfigurationReference = B1D258703B3FA6CA74CF6971 /* Pods-inHockey-inHockeyUITests.release.xcconfig */;
			buildSettings = {
				ALWAYS_EMBED_SWIFT_STANDARD_LIBRARIES = YES;
				CODE_SIGN_STYLE = Automatic;
				DEVELOPMENT_TEAM = CF76M9X65W;
				INFOPLIST_FILE = inHockeyUITests/Info.plist;
				LD_RUNPATH_SEARCH_PATHS = (
					"$(inherited)",
					"@executable_path/Frameworks",
					"@loader_path/Frameworks",
				);
				PRODUCT_BUNDLE_IDENTIFIER = efimi.inHockeyUITests;
				PRODUCT_NAME = "$(TARGET_NAME)";
				SWIFT_VERSION = 5.0;
				TARGETED_DEVICE_FAMILY = "1,2";
				TEST_TARGET_NAME = inHockey;
			};
			name = Release;
		};
/* End XCBuildConfiguration section */

/* Begin XCConfigurationList section */
		04D4634626CD6A0C00141338 /* Build configuration list for PBXProject "inHockey" */ = {
			isa = XCConfigurationList;
			buildConfigurations = (
				04D4637326CD6A1000141338 /* Debug */,
				04D4637426CD6A1000141338 /* Release */,
			);
			defaultConfigurationIsVisible = 0;
			defaultConfigurationName = Release;
		};
		04D4637526CD6A1000141338 /* Build configuration list for PBXNativeTarget "inHockey" */ = {
			isa = XCConfigurationList;
			buildConfigurations = (
				04D4637626CD6A1000141338 /* Debug */,
				04D4637726CD6A1000141338 /* Release */,
			);
			defaultConfigurationIsVisible = 0;
			defaultConfigurationName = Release;
		};
		04D4637826CD6A1000141338 /* Build configuration list for PBXNativeTarget "inHockeyTests" */ = {
			isa = XCConfigurationList;
			buildConfigurations = (
				04D4637926CD6A1000141338 /* Debug */,
				04D4637A26CD6A1000141338 /* Release */,
			);
			defaultConfigurationIsVisible = 0;
			defaultConfigurationName = Release;
		};
		04D4637B26CD6A1000141338 /* Build configuration list for PBXNativeTarget "inHockeyUITests" */ = {
			isa = XCConfigurationList;
			buildConfigurations = (
				04D4637C26CD6A1000141338 /* Debug */,
				04D4637D26CD6A1000141338 /* Release */,
			);
			defaultConfigurationIsVisible = 0;
			defaultConfigurationName = Release;
		};
/* End XCConfigurationList section */
	};
	rootObject = 04D4634326CD6A0C00141338 /* Project object */;
}
